// !$*UTF8*$!
{
	archiveVersion = 1;
	classes = {
	};
	objectVersion = 46;
	objects = {

/* Begin PBXAggregateTarget section */
		"Helix::HelixPackageTests::ProductTarget" /* HelixPackageTests */ = {
			isa = PBXAggregateTarget;
			buildConfigurationList = OBJ_31 /* Build configuration list for PBXAggregateTarget "HelixPackageTests" */;
			buildPhases = (
			);
			dependencies = (
				OBJ_34 /* PBXTargetDependency */,
			);
			name = HelixPackageTests;
			productName = HelixPackageTests;
		};
/* End PBXAggregateTarget section */

/* Begin PBXBuildFile section */
		B1F62471221AF49500800B3C /* HelixError.swift in Sources */ = {isa = PBXBuildFile; fileRef = B1F62470221AF49500800B3C /* HelixError.swift */; };
		B1F62478221AF4F400800B3C /* NSObject+HelixTag.swift in Sources */ = {isa = PBXBuildFile; fileRef = B1F62475221AF4F400800B3C /* NSObject+HelixTag.swift */; };
		B1F62479221AF4F400800B3C /* Dictionary+Subscripts.swift in Sources */ = {isa = PBXBuildFile; fileRef = B1F62476221AF4F400800B3C /* Dictionary+Subscripts.swift */; };
		B1F6247A221AF4F400800B3C /* Optional+desc.swift in Sources */ = {isa = PBXBuildFile; fileRef = B1F62477221AF4F400800B3C /* Optional+desc.swift */; };
		B1F62485221AF50200800B3C /* GraphObjectDefinitionTuple.swift in Sources */ = {isa = PBXBuildFile; fileRef = B1F6247B221AF50100800B3C /* GraphObjectDefinitionTuple.swift */; };
		B1F62486221AF50200800B3C /* CreationScope.swift in Sources */ = {isa = PBXBuildFile; fileRef = B1F6247C221AF50100800B3C /* CreationScope.swift */; };
		B1F62487221AF50200800B3C /* ResolvedItems.swift in Sources */ = {isa = PBXBuildFile; fileRef = B1F6247D221AF50100800B3C /* ResolvedItems.swift */; };
		B1F62488221AF50200800B3C /* GraphDefinition.swift in Sources */ = {isa = PBXBuildFile; fileRef = B1F6247E221AF50100800B3C /* GraphDefinition.swift */; };
		B1F62489221AF50200800B3C /* GraphDefinitionBuilder.swift in Sources */ = {isa = PBXBuildFile; fileRef = B1F6247F221AF50100800B3C /* GraphDefinitionBuilder.swift */; };
		B1F6248A221AF50200800B3C /* Box.swift in Sources */ = {isa = PBXBuildFile; fileRef = B1F62480221AF50100800B3C /* Box.swift */; };
		B1F6248B221AF50200800B3C /* GraphDefinitionKey.swift in Sources */ = {isa = PBXBuildFile; fileRef = B1F62481221AF50200800B3C /* GraphDefinitionKey.swift */; };
		B1F6248C221AF50200800B3C /* HelixTag.swift in Sources */ = {isa = PBXBuildFile; fileRef = B1F62482221AF50200800B3C /* HelixTag.swift */; };
		B1F6248D221AF50200800B3C /* ResolvingContext.swift in Sources */ = {isa = PBXBuildFile; fileRef = B1F62483221AF50200800B3C /* ResolvingContext.swift */; };
		B1F6248E221AF50200800B3C /* Injected.swift in Sources */ = {isa = PBXBuildFile; fileRef = B1F62484221AF50200800B3C /* Injected.swift */; };
		B1F62492221AF50B00800B3C /* HelixResolvable.swift in Sources */ = {isa = PBXBuildFile; fileRef = B1F6248F221AF50B00800B3C /* HelixResolvable.swift */; };
		B1F62493221AF50B00800B3C /* StoryboardInstantiatable.swift in Sources */ = {isa = PBXBuildFile; fileRef = B1F62490221AF50B00800B3C /* StoryboardInstantiatable.swift */; };
		B1F62494221AF50B00800B3C /* HelixTaggable.swift in Sources */ = {isa = PBXBuildFile; fileRef = B1F62491221AF50B00800B3C /* HelixTaggable.swift */; };
		B1F62497221AF5B100800B3C /* GraphDefinitionsTests.swift in Sources */ = {isa = PBXBuildFile; fileRef = B1F62495221AF5B100800B3C /* GraphDefinitionsTests.swift */; };
		B1F62498221AF5B100800B3C /* HelixTests.swift in Sources */ = {isa = PBXBuildFile; fileRef = B1F62496221AF5B100800B3C /* HelixTests.swift */; };
		OBJ_22 /* Helix.swift in Sources */ = {isa = PBXBuildFile; fileRef = OBJ_9 /* Helix.swift */; };
		OBJ_29 /* Package.swift in Sources */ = {isa = PBXBuildFile; fileRef = OBJ_6 /* Package.swift */; };
		OBJ_41 /* XCTestManifests.swift in Sources */ = {isa = PBXBuildFile; fileRef = OBJ_13 /* XCTestManifests.swift */; };
		OBJ_43 /* Helix.framework in Frameworks */ = {isa = PBXBuildFile; fileRef = "Helix::Helix::Product" /* Helix.framework */; };
/* End PBXBuildFile section */

/* Begin PBXContainerItemProxy section */
		B1F6246B221AF3DC00800B3C /* PBXContainerItemProxy */ = {
			isa = PBXContainerItemProxy;
			containerPortal = OBJ_1 /* Project object */;
			proxyType = 1;
			remoteGlobalIDString = "Helix::Helix";
			remoteInfo = Helix;
		};
		B1F6246C221AF3DE00800B3C /* PBXContainerItemProxy */ = {
			isa = PBXContainerItemProxy;
			containerPortal = OBJ_1 /* Project object */;
			proxyType = 1;
			remoteGlobalIDString = "Helix::HelixTests";
			remoteInfo = HelixTests;
		};
/* End PBXContainerItemProxy section */

/* Begin PBXFileReference section */
		B1F62470221AF49500800B3C /* HelixError.swift */ = {isa = PBXFileReference; fileEncoding = 4; lastKnownFileType = sourcecode.swift; path = HelixError.swift; sourceTree = "<group>"; };
		B1F62475221AF4F400800B3C /* NSObject+HelixTag.swift */ = {isa = PBXFileReference; fileEncoding = 4; lastKnownFileType = sourcecode.swift; path = "NSObject+HelixTag.swift"; sourceTree = "<group>"; };
		B1F62476221AF4F400800B3C /* Dictionary+Subscripts.swift */ = {isa = PBXFileReference; fileEncoding = 4; lastKnownFileType = sourcecode.swift; path = "Dictionary+Subscripts.swift"; sourceTree = "<group>"; };
		B1F62477221AF4F400800B3C /* Optional+desc.swift */ = {isa = PBXFileReference; fileEncoding = 4; lastKnownFileType = sourcecode.swift; path = "Optional+desc.swift"; sourceTree = "<group>"; };
		B1F6247B221AF50100800B3C /* GraphObjectDefinitionTuple.swift */ = {isa = PBXFileReference; fileEncoding = 4; lastKnownFileType = sourcecode.swift; path = GraphObjectDefinitionTuple.swift; sourceTree = "<group>"; };
		B1F6247C221AF50100800B3C /* CreationScope.swift */ = {isa = PBXFileReference; fileEncoding = 4; lastKnownFileType = sourcecode.swift; path = CreationScope.swift; sourceTree = "<group>"; };
		B1F6247D221AF50100800B3C /* ResolvedItems.swift */ = {isa = PBXFileReference; fileEncoding = 4; lastKnownFileType = sourcecode.swift; path = ResolvedItems.swift; sourceTree = "<group>"; };
		B1F6247E221AF50100800B3C /* GraphDefinition.swift */ = {isa = PBXFileReference; fileEncoding = 4; lastKnownFileType = sourcecode.swift; path = GraphDefinition.swift; sourceTree = "<group>"; };
		B1F6247F221AF50100800B3C /* GraphDefinitionBuilder.swift */ = {isa = PBXFileReference; fileEncoding = 4; lastKnownFileType = sourcecode.swift; path = GraphDefinitionBuilder.swift; sourceTree = "<group>"; };
		B1F62480221AF50100800B3C /* Box.swift */ = {isa = PBXFileReference; fileEncoding = 4; lastKnownFileType = sourcecode.swift; path = Box.swift; sourceTree = "<group>"; };
		B1F62481221AF50200800B3C /* GraphDefinitionKey.swift */ = {isa = PBXFileReference; fileEncoding = 4; lastKnownFileType = sourcecode.swift; path = GraphDefinitionKey.swift; sourceTree = "<group>"; };
		B1F62482221AF50200800B3C /* HelixTag.swift */ = {isa = PBXFileReference; fileEncoding = 4; lastKnownFileType = sourcecode.swift; path = HelixTag.swift; sourceTree = "<group>"; };
		B1F62483221AF50200800B3C /* ResolvingContext.swift */ = {isa = PBXFileReference; fileEncoding = 4; lastKnownFileType = sourcecode.swift; path = ResolvingContext.swift; sourceTree = "<group>"; };
		B1F62484221AF50200800B3C /* Injected.swift */ = {isa = PBXFileReference; fileEncoding = 4; lastKnownFileType = sourcecode.swift; path = Injected.swift; sourceTree = "<group>"; };
		B1F6248F221AF50B00800B3C /* HelixResolvable.swift */ = {isa = PBXFileReference; fileEncoding = 4; lastKnownFileType = sourcecode.swift; path = HelixResolvable.swift; sourceTree = "<group>"; };
		B1F62490221AF50B00800B3C /* StoryboardInstantiatable.swift */ = {isa = PBXFileReference; fileEncoding = 4; lastKnownFileType = sourcecode.swift; path = StoryboardInstantiatable.swift; sourceTree = "<group>"; };
		B1F62491221AF50B00800B3C /* HelixTaggable.swift */ = {isa = PBXFileReference; fileEncoding = 4; lastKnownFileType = sourcecode.swift; path = HelixTaggable.swift; sourceTree = "<group>"; };
		B1F62495221AF5B100800B3C /* GraphDefinitionsTests.swift */ = {isa = PBXFileReference; fileEncoding = 4; lastKnownFileType = sourcecode.swift; path = GraphDefinitionsTests.swift; sourceTree = "<group>"; };
		B1F62496221AF5B100800B3C /* HelixTests.swift */ = {isa = PBXFileReference; fileEncoding = 4; lastKnownFileType = sourcecode.swift; path = HelixTests.swift; sourceTree = "<group>"; };
		"Helix::Helix::Product" /* Helix.framework */ = {isa = PBXFileReference; explicitFileType = wrapper.framework; path = Helix.framework; sourceTree = BUILT_PRODUCTS_DIR; };
		"Helix::HelixTests::Product" /* HelixTests.xctest */ = {isa = PBXFileReference; lastKnownFileType = file; path = HelixTests.xctest; sourceTree = BUILT_PRODUCTS_DIR; };
		OBJ_13 /* XCTestManifests.swift */ = {isa = PBXFileReference; lastKnownFileType = sourcecode.swift; path = XCTestManifests.swift; sourceTree = "<group>"; };
		OBJ_6 /* Package.swift */ = {isa = PBXFileReference; explicitFileType = sourcecode.swift; path = Package.swift; sourceTree = "<group>"; };
		OBJ_9 /* Helix.swift */ = {isa = PBXFileReference; lastKnownFileType = sourcecode.swift; path = Helix.swift; sourceTree = "<group>"; };
/* End PBXFileReference section */

/* Begin PBXFrameworksBuildPhase section */
		OBJ_23 /* Frameworks */ = {
			isa = PBXFrameworksBuildPhase;
			buildActionMask = 0;
			files = (
			);
			runOnlyForDeploymentPostprocessing = 0;
		};
		OBJ_42 /* Frameworks */ = {
			isa = PBXFrameworksBuildPhase;
			buildActionMask = 0;
			files = (
				OBJ_43 /* Helix.framework in Frameworks */,
			);
			runOnlyForDeploymentPostprocessing = 0;
		};
/* End PBXFrameworksBuildPhase section */

/* Begin PBXGroup section */
		B1F62472221AF4D600800B3C /* Extensions */ = {
			isa = PBXGroup;
			children = (
				B1F62476221AF4F400800B3C /* Dictionary+Subscripts.swift */,
				B1F62475221AF4F400800B3C /* NSObject+HelixTag.swift */,
				B1F62477221AF4F400800B3C /* Optional+desc.swift */,
			);
			path = Extensions;
			sourceTree = "<group>";
		};
		B1F62473221AF4DE00800B3C /* Protocols */ = {
			isa = PBXGroup;
			children = (
				B1F6248F221AF50B00800B3C /* HelixResolvable.swift */,
				B1F62491221AF50B00800B3C /* HelixTaggable.swift */,
				B1F62490221AF50B00800B3C /* StoryboardInstantiatable.swift */,
			);
			path = Protocols;
			sourceTree = "<group>";
		};
		B1F62474221AF4E500800B3C /* Models */ = {
			isa = PBXGroup;
			children = (
				B1F62480221AF50100800B3C /* Box.swift */,
				B1F6247C221AF50100800B3C /* CreationScope.swift */,
				B1F6247E221AF50100800B3C /* GraphDefinition.swift */,
				B1F6247F221AF50100800B3C /* GraphDefinitionBuilder.swift */,
				B1F62481221AF50200800B3C /* GraphDefinitionKey.swift */,
				B1F6247B221AF50100800B3C /* GraphObjectDefinitionTuple.swift */,
				B1F62482221AF50200800B3C /* HelixTag.swift */,
				B1F62484221AF50200800B3C /* Injected.swift */,
				B1F6247D221AF50100800B3C /* ResolvedItems.swift */,
				B1F62483221AF50200800B3C /* ResolvingContext.swift */,
			);
			path = Models;
			sourceTree = "<group>";
		};
		OBJ_10 /* Tests */ = {
			isa = PBXGroup;
			children = (
				OBJ_11 /* HelixTests */,
			);
			name = Tests;
			sourceTree = SOURCE_ROOT;
		};
		OBJ_11 /* HelixTests */ = {
			isa = PBXGroup;
			children = (
				B1F62495221AF5B100800B3C /* GraphDefinitionsTests.swift */,
				B1F62496221AF5B100800B3C /* HelixTests.swift */,
				OBJ_13 /* XCTestManifests.swift */,
			);
			name = HelixTests;
			path = Tests/HelixTests;
			sourceTree = SOURCE_ROOT;
		};
		OBJ_14 /* Products */ = {
			isa = PBXGroup;
			children = (
				"Helix::HelixTests::Product" /* HelixTests.xctest */,
				"Helix::Helix::Product" /* Helix.framework */,
			);
			name = Products;
			sourceTree = BUILT_PRODUCTS_DIR;
		};
		OBJ_5 /*  */ = {
			isa = PBXGroup;
			children = (
				OBJ_6 /* Package.swift */,
				OBJ_7 /* Sources */,
				OBJ_10 /* Tests */,
				OBJ_14 /* Products */,
			);
			name = "";
			sourceTree = "<group>";
		};
		OBJ_7 /* Sources */ = {
			isa = PBXGroup;
			children = (
				OBJ_8 /* Helix */,
			);
			name = Sources;
			sourceTree = SOURCE_ROOT;
		};
		OBJ_8 /* Helix */ = {
			isa = PBXGroup;
			children = (
				B1F62474221AF4E500800B3C /* Models */,
				B1F62473221AF4DE00800B3C /* Protocols */,
				B1F62472221AF4D600800B3C /* Extensions */,
				B1F62470221AF49500800B3C /* HelixError.swift */,
				OBJ_9 /* Helix.swift */,
			);
			name = Helix;
			path = Sources/Helix;
			sourceTree = SOURCE_ROOT;
		};
/* End PBXGroup section */

/* Begin PBXNativeTarget section */
		"Helix::Helix" /* Helix */ = {
			isa = PBXNativeTarget;
			buildConfigurationList = OBJ_18 /* Build configuration list for PBXNativeTarget "Helix" */;
			buildPhases = (
				OBJ_21 /* Sources */,
				OBJ_23 /* Frameworks */,
			);
			buildRules = (
			);
			dependencies = (
			);
			name = Helix;
			productName = Helix;
			productReference = "Helix::Helix::Product" /* Helix.framework */;
			productType = "com.apple.product-type.framework";
		};
		"Helix::HelixTests" /* HelixTests */ = {
			isa = PBXNativeTarget;
			buildConfigurationList = OBJ_36 /* Build configuration list for PBXNativeTarget "HelixTests" */;
			buildPhases = (
				OBJ_39 /* Sources */,
				OBJ_42 /* Frameworks */,
			);
			buildRules = (
			);
			dependencies = (
				OBJ_44 /* PBXTargetDependency */,
			);
			name = HelixTests;
			productName = HelixTests;
			productReference = "Helix::HelixTests::Product" /* HelixTests.xctest */;
			productType = "com.apple.product-type.bundle.unit-test";
		};
		"Helix::SwiftPMPackageDescription" /* HelixPackageDescription */ = {
			isa = PBXNativeTarget;
			buildConfigurationList = OBJ_25 /* Build configuration list for PBXNativeTarget "HelixPackageDescription" */;
			buildPhases = (
				OBJ_28 /* Sources */,
			);
			buildRules = (
			);
			dependencies = (
			);
			name = HelixPackageDescription;
			productName = HelixPackageDescription;
			productType = "com.apple.product-type.framework";
		};
/* End PBXNativeTarget section */

/* Begin PBXProject section */
		OBJ_1 /* Project object */ = {
			isa = PBXProject;
			attributes = {
				LastUpgradeCheck = 9999;
			};
			buildConfigurationList = OBJ_2 /* Build configuration list for PBXProject "Helix" */;
			compatibilityVersion = "Xcode 3.2";
			developmentRegion = English;
			hasScannedForEncodings = 0;
			knownRegions = (
				en,
			);
			mainGroup = OBJ_5 /*  */;
			productRefGroup = OBJ_14 /* Products */;
			projectDirPath = "";
			projectRoot = "";
			targets = (
				"Helix::Helix" /* Helix */,
				"Helix::SwiftPMPackageDescription" /* HelixPackageDescription */,
				"Helix::HelixPackageTests::ProductTarget" /* HelixPackageTests */,
				"Helix::HelixTests" /* HelixTests */,
			);
		};
/* End PBXProject section */

/* Begin PBXSourcesBuildPhase section */
		OBJ_21 /* Sources */ = {
			isa = PBXSourcesBuildPhase;
			buildActionMask = 0;
			files = (
				OBJ_22 /* Helix.swift in Sources */,
				B1F6247A221AF4F400800B3C /* Optional+desc.swift in Sources */,
				B1F62493221AF50B00800B3C /* StoryboardInstantiatable.swift in Sources */,
				B1F62479221AF4F400800B3C /* Dictionary+Subscripts.swift in Sources */,
				B1F6248B221AF50200800B3C /* GraphDefinitionKey.swift in Sources */,
				B1F62478221AF4F400800B3C /* NSObject+HelixTag.swift in Sources */,
				B1F6248E221AF50200800B3C /* Injected.swift in Sources */,
				B1F62494221AF50B00800B3C /* HelixTaggable.swift in Sources */,
				B1F6248D221AF50200800B3C /* ResolvingContext.swift in Sources */,
				B1F62487221AF50200800B3C /* ResolvedItems.swift in Sources */,
				B1F6248A221AF50200800B3C /* Box.swift in Sources */,
				B1F62492221AF50B00800B3C /* HelixResolvable.swift in Sources */,
				B1F62488221AF50200800B3C /* GraphDefinition.swift in Sources */,
				B1F6248C221AF50200800B3C /* HelixTag.swift in Sources */,
				B1F62485221AF50200800B3C /* GraphObjectDefinitionTuple.swift in Sources */,
				B1F62486221AF50200800B3C /* CreationScope.swift in Sources */,
				B1F62471221AF49500800B3C /* HelixError.swift in Sources */,
				B1F62489221AF50200800B3C /* GraphDefinitionBuilder.swift in Sources */,
			);
			runOnlyForDeploymentPostprocessing = 0;
		};
		OBJ_28 /* Sources */ = {
			isa = PBXSourcesBuildPhase;
			buildActionMask = 0;
			files = (
				OBJ_29 /* Package.swift in Sources */,
			);
			runOnlyForDeploymentPostprocessing = 0;
		};
		OBJ_39 /* Sources */ = {
			isa = PBXSourcesBuildPhase;
			buildActionMask = 0;
			files = (
				OBJ_41 /* XCTestManifests.swift in Sources */,
				B1F62497221AF5B100800B3C /* GraphDefinitionsTests.swift in Sources */,
				B1F62498221AF5B100800B3C /* HelixTests.swift in Sources */,
			);
			runOnlyForDeploymentPostprocessing = 0;
		};
/* End PBXSourcesBuildPhase section */

/* Begin PBXTargetDependency section */
		OBJ_34 /* PBXTargetDependency */ = {
			isa = PBXTargetDependency;
			target = "Helix::HelixTests" /* HelixTests */;
			targetProxy = B1F6246C221AF3DE00800B3C /* PBXContainerItemProxy */;
		};
		OBJ_44 /* PBXTargetDependency */ = {
			isa = PBXTargetDependency;
			target = "Helix::Helix" /* Helix */;
			targetProxy = B1F6246B221AF3DC00800B3C /* PBXContainerItemProxy */;
		};
/* End PBXTargetDependency section */

/* Begin XCBuildConfiguration section */
		OBJ_19 /* Debug */ = {
			isa = XCBuildConfiguration;
			buildSettings = {
				ENABLE_TESTABILITY = YES;
				FRAMEWORK_SEARCH_PATHS = (
					"$(inherited)",
					"$(PLATFORM_DIR)/Developer/Library/Frameworks",
				);
				HEADER_SEARCH_PATHS = "$(inherited)";
				INFOPLIST_FILE = Helix.xcodeproj/Helix_Info.plist;
				LD_RUNPATH_SEARCH_PATHS = "$(inherited) $(TOOLCHAIN_DIR)/usr/lib/swift/macosx";
				OTHER_CFLAGS = "$(inherited)";
				OTHER_LDFLAGS = "$(inherited)";
				OTHER_SWIFT_FLAGS = "$(inherited)";
				PRODUCT_BUNDLE_IDENTIFIER = Helix;
				PRODUCT_MODULE_NAME = "$(TARGET_NAME:c99extidentifier)";
				PRODUCT_NAME = "$(TARGET_NAME:c99extidentifier)";
				SDKROOT = iphoneos;
				SKIP_INSTALL = YES;
				SWIFT_ACTIVE_COMPILATION_CONDITIONS = "$(inherited)";
				SWIFT_VERSION = 4.2;
				TARGET_NAME = Helix;
			};
			name = Debug;
		};
		OBJ_20 /* Release */ = {
			isa = XCBuildConfiguration;
			buildSettings = {
				ENABLE_TESTABILITY = YES;
				FRAMEWORK_SEARCH_PATHS = (
					"$(inherited)",
					"$(PLATFORM_DIR)/Developer/Library/Frameworks",
				);
				HEADER_SEARCH_PATHS = "$(inherited)";
				INFOPLIST_FILE = Helix.xcodeproj/Helix_Info.plist;
				LD_RUNPATH_SEARCH_PATHS = "$(inherited) $(TOOLCHAIN_DIR)/usr/lib/swift/macosx";
				OTHER_CFLAGS = "$(inherited)";
				OTHER_LDFLAGS = "$(inherited)";
				OTHER_SWIFT_FLAGS = "$(inherited)";
				PRODUCT_BUNDLE_IDENTIFIER = Helix;
				PRODUCT_MODULE_NAME = "$(TARGET_NAME:c99extidentifier)";
				PRODUCT_NAME = "$(TARGET_NAME:c99extidentifier)";
				SDKROOT = iphoneos;
				SKIP_INSTALL = YES;
				SWIFT_ACTIVE_COMPILATION_CONDITIONS = "$(inherited)";
				SWIFT_VERSION = 4.2;
				TARGET_NAME = Helix;
			};
			name = Release;
		};
		OBJ_26 /* Debug */ = {
			isa = XCBuildConfiguration;
			buildSettings = {
				LD = /usr/bin/true;
				OTHER_SWIFT_FLAGS = "-swift-version 4.2 -I $(TOOLCHAIN_DIR)/usr/lib/swift/pm/4_2 -target x86_64-apple-macosx10.10 -sdk /Applications/Xcode.app/Contents/Developer/Platforms/MacOSX.platform/Developer/SDKs/MacOSX10.14.sdk";
				SWIFT_VERSION = 4.2;
			};
			name = Debug;
		};
		OBJ_27 /* Release */ = {
			isa = XCBuildConfiguration;
			buildSettings = {
				LD = /usr/bin/true;
				OTHER_SWIFT_FLAGS = "-swift-version 4.2 -I $(TOOLCHAIN_DIR)/usr/lib/swift/pm/4_2 -target x86_64-apple-macosx10.10 -sdk /Applications/Xcode.app/Contents/Developer/Platforms/MacOSX.platform/Developer/SDKs/MacOSX10.14.sdk";
				SWIFT_VERSION = 4.2;
			};
			name = Release;
		};
		OBJ_3 /* Debug */ = {
			isa = XCBuildConfiguration;
			buildSettings = {
				CLANG_ENABLE_OBJC_ARC = YES;
				COMBINE_HIDPI_IMAGES = YES;
				COPY_PHASE_STRIP = NO;
				DEBUG_INFORMATION_FORMAT = dwarf;
				DYLIB_INSTALL_NAME_BASE = "@rpath";
				ENABLE_NS_ASSERTIONS = YES;
				GCC_OPTIMIZATION_LEVEL = 0;
				GCC_PREPROCESSOR_DEFINITIONS = (
					"DEBUG=1",
					"$(inherited)",
				);
				MACOSX_DEPLOYMENT_TARGET = 10.10;
				ONLY_ACTIVE_ARCH = YES;
				OTHER_SWIFT_FLAGS = "-DXcode";
				PRODUCT_NAME = "$(TARGET_NAME)";
				SDKROOT = macosx;
				SUPPORTED_PLATFORMS = "macosx iphoneos iphonesimulator appletvos appletvsimulator watchos watchsimulator";
				SWIFT_ACTIVE_COMPILATION_CONDITIONS = "SWIFT_PACKAGE DEBUG";
				SWIFT_OPTIMIZATION_LEVEL = "-Onone";
				USE_HEADERMAP = NO;
			};
			name = Debug;
		};
		OBJ_32 /* Debug */ = {
			isa = XCBuildConfiguration;
			buildSettings = {
			};
			name = Debug;
		};
		OBJ_33 /* Release */ = {
			isa = XCBuildConfiguration;
			buildSettings = {
			};
			name = Release;
		};
		OBJ_37 /* Debug */ = {
			isa = XCBuildConfiguration;
			buildSettings = {
				CLANG_ENABLE_MODULES = YES;
				EMBEDDED_CONTENT_CONTAINS_SWIFT = YES;
				FRAMEWORK_SEARCH_PATHS = (
					"$(inherited)",
					"$(PLATFORM_DIR)/Developer/Library/Frameworks",
				);
				HEADER_SEARCH_PATHS = "$(inherited)";
				INFOPLIST_FILE = Helix.xcodeproj/HelixTests_Info.plist;
				LD_RUNPATH_SEARCH_PATHS = "$(inherited) @loader_path/../Frameworks @loader_path/Frameworks";
				OTHER_CFLAGS = "$(inherited)";
				OTHER_LDFLAGS = "$(inherited)";
				OTHER_SWIFT_FLAGS = "$(inherited)";
				SWIFT_ACTIVE_COMPILATION_CONDITIONS = "$(inherited)";
				SWIFT_VERSION = 4.2;
				TARGET_NAME = HelixTests;
			};
			name = Debug;
		};
		OBJ_38 /* Release */ = {
			isa = XCBuildConfiguration;
			buildSettings = {
				CLANG_ENABLE_MODULES = YES;
				EMBEDDED_CONTENT_CONTAINS_SWIFT = YES;
				FRAMEWORK_SEARCH_PATHS = (
					"$(inherited)",
					"$(PLATFORM_DIR)/Developer/Library/Frameworks",
				);
				HEADER_SEARCH_PATHS = "$(inherited)";
				INFOPLIST_FILE = Helix.xcodeproj/HelixTests_Info.plist;
				LD_RUNPATH_SEARCH_PATHS = "$(inherited) @loader_path/../Frameworks @loader_path/Frameworks";
				OTHER_CFLAGS = "$(inherited)";
				OTHER_LDFLAGS = "$(inherited)";
				OTHER_SWIFT_FLAGS = "$(inherited)";
				SWIFT_ACTIVE_COMPILATION_CONDITIONS = "$(inherited)";
				SWIFT_VERSION = 4.2;
				TARGET_NAME = HelixTests;
			};
			name = Release;
		};
		OBJ_4 /* Release */ = {
			isa = XCBuildConfiguration;
			buildSettings = {
				CLANG_ENABLE_OBJC_ARC = YES;
				COMBINE_HIDPI_IMAGES = YES;
				COPY_PHASE_STRIP = YES;
				DEBUG_INFORMATION_FORMAT = "dwarf-with-dsym";
				DYLIB_INSTALL_NAME_BASE = "@rpath";
				GCC_OPTIMIZATION_LEVEL = s;
				MACOSX_DEPLOYMENT_TARGET = 10.10;
				OTHER_SWIFT_FLAGS = "-DXcode";
				PRODUCT_NAME = "$(TARGET_NAME)";
				SDKROOT = macosx;
				SUPPORTED_PLATFORMS = "macosx iphoneos iphonesimulator appletvos appletvsimulator watchos watchsimulator";
				SWIFT_ACTIVE_COMPILATION_CONDITIONS = SWIFT_PACKAGE;
				SWIFT_OPTIMIZATION_LEVEL = "-Owholemodule";
				USE_HEADERMAP = NO;
			};
			name = Release;
		};
/* End XCBuildConfiguration section */

/* Begin XCConfigurationList section */
		OBJ_18 /* Build configuration list for PBXNativeTarget "Helix" */ = {
			isa = XCConfigurationList;
			buildConfigurations = (
				OBJ_19 /* Debug */,
				OBJ_20 /* Release */,
			);
			defaultConfigurationIsVisible = 0;
			defaultConfigurationName = Release;
		};
		OBJ_2 /* Build configuration list for PBXProject "Helix" */ = {
			isa = XCConfigurationList;
			buildConfigurations = (
				OBJ_3 /* Debug */,
				OBJ_4 /* Release */,
			);
			defaultConfigurationIsVisible = 0;
			defaultConfigurationName = Release;
		};
		OBJ_25 /* Build configuration list for PBXNativeTarget "HelixPackageDescription" */ = {
			isa = XCConfigurationList;
			buildConfigurations = (
				OBJ_26 /* Debug */,
				OBJ_27 /* Release */,
			);
			defaultConfigurationIsVisible = 0;
			defaultConfigurationName = Release;
		};
		OBJ_31 /* Build configuration list for PBXAggregateTarget "HelixPackageTests" */ = {
			isa = XCConfigurationList;
			buildConfigurations = (
				OBJ_32 /* Debug */,
				OBJ_33 /* Release */,
			);
			defaultConfigurationIsVisible = 0;
			defaultConfigurationName = Release;
		};
		OBJ_36 /* Build configuration list for PBXNativeTarget "HelixTests" */ = {
			isa = XCConfigurationList;
			buildConfigurations = (
				OBJ_37 /* Debug */,
				OBJ_38 /* Release */,
			);
			defaultConfigurationIsVisible = 0;
			defaultConfigurationName = Release;
		};
/* End XCConfigurationList section */
	};
	rootObject = OBJ_1 /* Project object */;
}
